
Microsoft Visual Studio Solution File, Format Version 12.00
# Visual Studio Version 17
VisualStudioVersion = 17.3.32901.215
MinimumVisualStudioVersion = 10.0.40219.1
Project("{9A19103F-16F7-4668-BE54-9A1E7A4F7556}") = "ASPNET-MVC(NET6)-Cookie-Auth-2", "ASPNET-MVC(NET6)-Cookie-Auth-2\ASPNET-MVC(NET6)-Cookie-Auth-2.csproj", "{8A8C01DE-6BB1-4C97-BB20-396C9BAD2573}"
EndProject
Global
	GlobalSection(SolutionConfigurationPlatforms) = preSolution
		Debug|Any CPU = Debug|Any CPU
		Release|Any CPU = Release|Any CPU
	EndGlobalSection
	GlobalSection(ProjectConfigurationPlatforms) = postSolution
		{8A8C01DE-6BB1-4C97-BB20-396C9BAD2573}.Debug|Any CPU.ActiveCfg = Debug|Any CPU
		{8A8C01DE-6BB1-4C97-BB20-396C9BAD2573}.Debug|Any CPU.Build.0 = Debug|Any CPU
		{8A8C01DE-6BB1-4C97-BB20-396C9BAD2573}.Release|Any CPU.ActiveCfg = Release|Any CPU
		{8A8C01DE-6BB1-4C97-BB20-396C9BAD2573}.Release|Any CPU.Build.0 = Release|Any CPU
	EndGlobalSection
	GlobalSection(SolutionProperties) = preSolution
		HideSolutionNode = FALSE
	EndGlobalSection
	GlobalSection(ExtensibilityGlobals) = postSolution
		SolutionGuid = {06AC3E87-2346-43D4-9DBC-63BA8C4E8BC7}
	EndGlobalSection
EndGlobal
